# This file is autogenerated, do not edit; changes may be undone by the next 'dep ensure'.


[[projects]]
  name = "github.com/Pallinder/go-randomdata"
  packages = ["."]
  revision = "26f4a641b55b152ed383ba02b30b99763401ade3"
  version = "v1.2.0"

[[projects]]
  name = "github.com/gorilla/mux"
  packages = ["."]
  revision = "00bdffe0f3c77e27d2cf6f5c70232a2d3e4d9c15"
  version = "v1.7.3"

[[projects]]
  name = "github.com/lib/pq"
  packages = [".","oid","scram"]
  revision = "bc6a3c0594130b1e34005880bc600b6d3f49fa7f"
  version = "v1.1.1"

[solve-meta]
  analyzer-name = "dep"
  analyzer-version = 1
  inputs-digest = "c5b30d05acdc7815ef3303727015813393e42d9ee53e9cd582bdf3c0e4ca25d5"
  solver-name = "gps-cdcl"
  solver-version = 1
